
Microsoft Visual Studio Solution File, Format Version 12.00
# Visual Studio Version 16
VisualStudioVersion = 16.0.31613.86
MinimumVisualStudioVersion = 10.0.40219.1
Project("{9A19103F-16F7-4668-BE54-9A1E7A4F7556}") = "Web2021B", "Web2021B\Web2021B.csproj", "{008854E1-727F-497C-BB63-396BE58B52E5}"
EndProject
Global
	GlobalSection(SolutionConfigurationPlatforms) = preSolution
		Debug|Any CPU = Debug|Any CPU
		Release|Any CPU = Release|Any CPU
	EndGlobalSection
	GlobalSection(ProjectConfigurationPlatforms) = postSolution
		{008854E1-727F-497C-BB63-396BE58B52E5}.Debug|Any CPU.ActiveCfg = Debug|Any CPU
		{008854E1-727F-497C-BB63-396BE58B52E5}.Debug|Any CPU.Build.0 = Debug|Any CPU
		{008854E1-727F-497C-BB63-396BE58B52E5}.Release|Any CPU.ActiveCfg = Release|Any CPU
		{008854E1-727F-497C-BB63-396BE58B52E5}.Release|Any CPU.Build.0 = Release|Any CPU
	EndGlobalSection
	GlobalSection(SolutionProperties) = preSolution
		HideSolutionNode = FALSE
	EndGlobalSection
	GlobalSection(ExtensibilityGlobals) = postSolution
		SolutionGuid = {3EC1AD6D-2FCE-4ACF-9E11-E310B0871F53}
	EndGlobalSection
EndGlobal
